
Microsoft Visual Studio Solution File, Format Version 12.00
# Visual Studio Version 16
VisualStudioVersion = 16.0.29411.108
MinimumVisualStudioVersion = 10.0.40219.1
Project("{9A19103F-16F7-4668-BE54-9A1E7A4F7556}") = "Launcher", "Launcher\Launcher.csproj", "{FA70F8E2-9E70-45CD-82D1-D5E1423FD90D}"
EndProject
Project("{9A19103F-16F7-4668-BE54-9A1E7A4F7556}") = "LoginScript", "LoginScript\LoginScript.csproj", "{44D61406-41C2-4E0F-A75A-D55E66669C60}"
EndProject
Global
	GlobalSection(SolutionConfigurationPlatforms) = preSolution
		Debug|Any CPU = Debug|Any CPU
		Release|Any CPU = Release|Any CPU
	EndGlobalSection
	GlobalSection(ProjectConfigurationPlatforms) = postSolution
		{FA70F8E2-9E70-45CD-82D1-D5E1423FD90D}.Debug|Any CPU.ActiveCfg = Debug|Any CPU
		{FA70F8E2-9E70-45CD-82D1-D5E1423FD90D}.Debug|Any CPU.Build.0 = Debug|Any CPU
		{FA70F8E2-9E70-45CD-82D1-D5E1423FD90D}.Release|Any CPU.ActiveCfg = Release|Any CPU
		{FA70F8E2-9E70-45CD-82D1-D5E1423FD90D}.Release|Any CPU.Build.0 = Release|Any CPU
		{44D61406-41C2-4E0F-A75A-D55E66669C60}.Debug|Any CPU.ActiveCfg = Debug|Any CPU
		{44D61406-41C2-4E0F-A75A-D55E66669C60}.Debug|Any CPU.Build.0 = Debug|Any CPU
		{44D61406-41C2-4E0F-A75A-D55E66669C60}.Release|Any CPU.ActiveCfg = Release|Any CPU
		{44D61406-41C2-4E0F-A75A-D55E66669C60}.Release|Any CPU.Build.0 = Release|Any CPU
	EndGlobalSection
	GlobalSection(SolutionProperties) = preSolution
		HideSolutionNode = FALSE
	EndGlobalSection
	GlobalSection(ExtensibilityGlobals) = postSolution
		SolutionGuid = {C94453A2-E628-4B0E-B2E1-D05F8B90FB99}
	EndGlobalSection
EndGlobal
